
Microsoft Visual Studio Solution File, Format Version 12.00
# Visual Studio 14
VisualStudioVersion = 14.0.25420.1
MinimumVisualStudioVersion = 10.0.40219.1
Project("{FAE04EC0-301F-11D3-BF4B-00C04F79EFBC}") = "Print", "XmlLibrary\Print.csproj", "{C97E3879-F1CF-482C-9A1D-A54A58563EB0}"
EndProject
Project("{FAE04EC0-301F-11D3-BF4B-00C04F79EFBC}") = "Process1", "Process1\Process1.csproj", "{58D1B29C-1C3C-4255-9123-D878A1917845}"
EndProject
Project("{FAE04EC0-301F-11D3-BF4B-00C04F79EFBC}") = "Process2", "Process2\Process2.csproj", "{44A70703-4D9C-4AC5-A278-8E6E845BD3E1}"
EndProject
Global
	GlobalSection(SolutionConfigurationPlatforms) = preSolution
		Debug|Any CPU = Debug|Any CPU
		Release|Any CPU = Release|Any CPU
	EndGlobalSection
	GlobalSection(ProjectConfigurationPlatforms) = postSolution
		{C97E3879-F1CF-482C-9A1D-A54A58563EB0}.Debug|Any CPU.ActiveCfg = Debug|Any CPU
		{C97E3879-F1CF-482C-9A1D-A54A58563EB0}.Debug|Any CPU.Build.0 = Debug|Any CPU
		{C97E3879-F1CF-482C-9A1D-A54A58563EB0}.Release|Any CPU.ActiveCfg = Release|Any CPU
		{C97E3879-F1CF-482C-9A1D-A54A58563EB0}.Release|Any CPU.Build.0 = Release|Any CPU
		{58D1B29C-1C3C-4255-9123-D878A1917845}.Debug|Any CPU.ActiveCfg = Debug|Any CPU
		{58D1B29C-1C3C-4255-9123-D878A1917845}.Debug|Any CPU.Build.0 = Debug|Any CPU
		{58D1B29C-1C3C-4255-9123-D878A1917845}.Release|Any CPU.ActiveCfg = Release|Any CPU
		{58D1B29C-1C3C-4255-9123-D878A1917845}.Release|Any CPU.Build.0 = Release|Any CPU
		{44A70703-4D9C-4AC5-A278-8E6E845BD3E1}.Debug|Any CPU.ActiveCfg = Debug|Any CPU
		{44A70703-4D9C-4AC5-A278-8E6E845BD3E1}.Debug|Any CPU.Build.0 = Debug|Any CPU
		{44A70703-4D9C-4AC5-A278-8E6E845BD3E1}.Release|Any CPU.ActiveCfg = Release|Any CPU
		{44A70703-4D9C-4AC5-A278-8E6E845BD3E1}.Release|Any CPU.Build.0 = Release|Any CPU
	EndGlobalSection
	GlobalSection(SolutionProperties) = preSolution
		HideSolutionNode = FALSE
	EndGlobalSection
EndGlobal
